
Microsoft Visual Studio Solution File, Format Version 12.00
# Visual Studio Version 17
VisualStudioVersion = 17.9.34723.18
MinimumVisualStudioVersion = 10.0.40219.1
Project("{FAE04EC0-301F-11D3-BF4B-00C04F79EFBC}") = "VB.API", "VB.API\VB.API.csproj", "{038B15C7-BDD5-4CD7-BC56-809F908C60C7}"
EndProject
Global
	GlobalSection(SolutionConfigurationPlatforms) = preSolution
		Debug|Any CPU = Debug|Any CPU
		Release|Any CPU = Release|Any CPU
	EndGlobalSection
	GlobalSection(ProjectConfigurationPlatforms) = postSolution
		{038B15C7-BDD5-4CD7-BC56-809F908C60C7}.Debug|Any CPU.ActiveCfg = Debug|Any CPU
		{038B15C7-BDD5-4CD7-BC56-809F908C60C7}.Debug|Any CPU.Build.0 = Debug|Any CPU
		{038B15C7-BDD5-4CD7-BC56-809F908C60C7}.Release|Any CPU.ActiveCfg = Release|Any CPU
		{038B15C7-BDD5-4CD7-BC56-809F908C60C7}.Release|Any CPU.Build.0 = Release|Any CPU
	EndGlobalSection
	GlobalSection(SolutionProperties) = preSolution
		HideSolutionNode = FALSE
	EndGlobalSection
	GlobalSection(ExtensibilityGlobals) = postSolution
		SolutionGuid = {20F53B66-67E5-4E8E-BEF6-CA03FE04697D}
	EndGlobalSection
EndGlobal
